
Microsoft Visual Studio Solution File, Format Version 12.00
# Visual Studio 14
VisualStudioVersion = 14.0.25420.1
MinimumVisualStudioVersion = 10.0.40219.1
Project("{FAE04EC0-301F-11D3-BF4B-00C04F79EFBC}") = "CarController", "CarController\CarController.csproj", "{82EFB93F-42CB-4100-A66B-2565E40E52AB}"
EndProject
Project("{FAE04EC0-301F-11D3-BF4B-00C04F79EFBC}") = "CommHub", "CommHub\CommHub.csproj", "{16AC4BAB-7371-49BD-9D89-B679A441E766}"
EndProject
Project("{FAE04EC0-301F-11D3-BF4B-00C04F79EFBC}") = "BluetoothBackgroundTask", "BluetoothBackgroundTask\BluetoothBackgroundTask.csproj", "{80F9167B-6378-4DCA-9055-16141FC4FF2F}"
EndProject
Project("{FAE04EC0-301F-11D3-BF4B-00C04F79EFBC}") = "IntelliTransCentre", "IntelliTransCentre\IntelliTransCentre.csproj", "{3EF7C9F1-B46C-4B1E-95F9-DF05444BEDEC}"
EndProject
Project("{FAE04EC0-301F-11D3-BF4B-00C04F79EFBC}") = "IntelliTransCentre.Tests", "IntelliTransCentre.Tests\IntelliTransCentre.Tests.csproj", "{808A2D64-FF0C-49A7-A1F6-346F232C7F3D}"
EndProject
Project("{FAE04EC0-301F-11D3-BF4B-00C04F79EFBC}") = "BLESenderReceiver", "BLESenderReceiver\BLESenderReceiver.csproj", "{651457F1-D1BD-4CB2-A1F3-98D5924BC762}"
EndProject
Project("{FAE04EC0-301F-11D3-BF4B-00C04F79EFBC}") = "SpartanWebAPI", "SpartanWebAPI\SpartanWebAPI.csproj", "{7087FCCD-C729-47EC-AC03-78D8D3B12D01}"
EndProject
Global
	GlobalSection(SolutionConfigurationPlatforms) = preSolution
		Debug|Any CPU = Debug|Any CPU
		Debug|ARM = Debug|ARM
		Debug|x64 = Debug|x64
		Debug|x86 = Debug|x86
		Release|Any CPU = Release|Any CPU
		Release|ARM = Release|ARM
		Release|x64 = Release|x64
		Release|x86 = Release|x86
	EndGlobalSection
	GlobalSection(ProjectConfigurationPlatforms) = postSolution
		{82EFB93F-42CB-4100-A66B-2565E40E52AB}.Debug|Any CPU.ActiveCfg = Debug|x86
		{82EFB93F-42CB-4100-A66B-2565E40E52AB}.Debug|ARM.ActiveCfg = Debug|ARM
		{82EFB93F-42CB-4100-A66B-2565E40E52AB}.Debug|ARM.Build.0 = Debug|ARM
		{82EFB93F-42CB-4100-A66B-2565E40E52AB}.Debug|ARM.Deploy.0 = Debug|ARM
		{82EFB93F-42CB-4100-A66B-2565E40E52AB}.Debug|x64.ActiveCfg = Debug|x64
		{82EFB93F-42CB-4100-A66B-2565E40E52AB}.Debug|x64.Build.0 = Debug|x64
		{82EFB93F-42CB-4100-A66B-2565E40E52AB}.Debug|x64.Deploy.0 = Debug|x64
		{82EFB93F-42CB-4100-A66B-2565E40E52AB}.Debug|x86.ActiveCfg = Debug|x86
		{82EFB93F-42CB-4100-A66B-2565E40E52AB}.Debug|x86.Build.0 = Debug|x86
		{82EFB93F-42CB-4100-A66B-2565E40E52AB}.Debug|x86.Deploy.0 = Debug|x86
		{82EFB93F-42CB-4100-A66B-2565E40E52AB}.Release|Any CPU.ActiveCfg = Release|x86
		{82EFB93F-42CB-4100-A66B-2565E40E52AB}.Release|ARM.ActiveCfg = Release|ARM
		{82EFB93F-42CB-4100-A66B-2565E40E52AB}.Release|ARM.Build.0 = Release|ARM
		{82EFB93F-42CB-4100-A66B-2565E40E52AB}.Release|ARM.Deploy.0 = Release|ARM
		{82EFB93F-42CB-4100-A66B-2565E40E52AB}.Release|x64.ActiveCfg = Release|x64
		{82EFB93F-42CB-4100-A66B-2565E40E52AB}.Release|x64.Build.0 = Release|x64
		{82EFB93F-42CB-4100-A66B-2565E40E52AB}.Release|x64.Deploy.0 = Release|x64
		{82EFB93F-42CB-4100-A66B-2565E40E52AB}.Release|x86.ActiveCfg = Release|x86
		{82EFB93F-42CB-4100-A66B-2565E40E52AB}.Release|x86.Build.0 = Release|x86
		{82EFB93F-42CB-4100-A66B-2565E40E52AB}.Release|x86.Deploy.0 = Release|x86
		{16AC4BAB-7371-49BD-9D89-B679A441E766}.Debug|Any CPU.ActiveCfg = Debug|Any CPU
		{16AC4BAB-7371-49BD-9D89-B679A441E766}.Debug|Any CPU.Build.0 = Debug|Any CPU
		{16AC4BAB-7371-49BD-9D89-B679A441E766}.Debug|ARM.ActiveCfg = Debug|Any CPU
		{16AC4BAB-7371-49BD-9D89-B679A441E766}.Debug|ARM.Build.0 = Debug|Any CPU
		{16AC4BAB-7371-49BD-9D89-B679A441E766}.Debug|x64.ActiveCfg = Debug|Any CPU
		{16AC4BAB-7371-49BD-9D89-B679A441E766}.Debug|x64.Build.0 = Debug|Any CPU
		{16AC4BAB-7371-49BD-9D89-B679A441E766}.Debug|x86.ActiveCfg = Debug|Any CPU
		{16AC4BAB-7371-49BD-9D89-B679A441E766}.Debug|x86.Build.0 = Debug|Any CPU
		{16AC4BAB-7371-49BD-9D89-B679A441E766}.Release|Any CPU.ActiveCfg = Release|Any CPU
		{16AC4BAB-7371-49BD-9D89-B679A441E766}.Release|Any CPU.Build.0 = Release|Any CPU
		{16AC4BAB-7371-49BD-9D89-B679A441E766}.Release|ARM.ActiveCfg = Release|Any CPU
		{16AC4BAB-7371-49BD-9D89-B679A441E766}.Release|ARM.Build.0 = Release|Any CPU
		{16AC4BAB-7371-49BD-9D89-B679A441E766}.Release|x64.ActiveCfg = Release|Any CPU
		{16AC4BAB-7371-49BD-9D89-B679A441E766}.Release|x64.Build.0 = Release|Any CPU
		{16AC4BAB-7371-49BD-9D89-B679A441E766}.Release|x86.ActiveCfg = Release|Any CPU
		{16AC4BAB-7371-49BD-9D89-B679A441E766}.Release|x86.Build.0 = Release|Any CPU
		{80F9167B-6378-4DCA-9055-16141FC4FF2F}.Debug|Any CPU.ActiveCfg = Debug|Any CPU
		{80F9167B-6378-4DCA-9055-16141FC4FF2F}.Debug|Any CPU.Build.0 = Debug|Any CPU
		{80F9167B-6378-4DCA-9055-16141FC4FF2F}.Debug|ARM.ActiveCfg = Debug|ARM
		{80F9167B-6378-4DCA-9055-16141FC4FF2F}.Debug|ARM.Build.0 = Debug|ARM
		{80F9167B-6378-4DCA-9055-16141FC4FF2F}.Debug|x64.ActiveCfg = Debug|x64
		{80F9167B-6378-4DCA-9055-16141FC4FF2F}.Debug|x64.Build.0 = Debug|x64
		{80F9167B-6378-4DCA-9055-16141FC4FF2F}.Debug|x86.ActiveCfg = Debug|x86
		{80F9167B-6378-4DCA-9055-16141FC4FF2F}.Debug|x86.Build.0 = Debug|x86
		{80F9167B-6378-4DCA-9055-16141FC4FF2F}.Release|Any CPU.ActiveCfg = Release|Any CPU
		{80F9167B-6378-4DCA-9055-16141FC4FF2F}.Release|Any CPU.Build.0 = Release|Any CPU
		{80F9167B-6378-4DCA-9055-16141FC4FF2F}.Release|ARM.ActiveCfg = Release|ARM
		{80F9167B-6378-4DCA-9055-16141FC4FF2F}.Release|ARM.Build.0 = Release|ARM
		{80F9167B-6378-4DCA-9055-16141FC4FF2F}.Release|x64.ActiveCfg = Release|x64
		{80F9167B-6378-4DCA-9055-16141FC4FF2F}.Release|x64.Build.0 = Release|x64
		{80F9167B-6378-4DCA-9055-16141FC4FF2F}.Release|x86.ActiveCfg = Release|x86
		{80F9167B-6378-4DCA-9055-16141FC4FF2F}.Release|x86.Build.0 = Release|x86
		{3EF7C9F1-B46C-4B1E-95F9-DF05444BEDEC}.Debug|Any CPU.ActiveCfg = Debug|Any CPU
		{3EF7C9F1-B46C-4B1E-95F9-DF05444BEDEC}.Debug|Any CPU.Build.0 = Debug|Any CPU
		{3EF7C9F1-B46C-4B1E-95F9-DF05444BEDEC}.Debug|ARM.ActiveCfg = Debug|Any CPU
		{3EF7C9F1-B46C-4B1E-95F9-DF05444BEDEC}.Debug|ARM.Build.0 = Debug|Any CPU
		{3EF7C9F1-B46C-4B1E-95F9-DF05444BEDEC}.Debug|x64.ActiveCfg = Debug|Any CPU
		{3EF7C9F1-B46C-4B1E-95F9-DF05444BEDEC}.Debug|x64.Build.0 = Debug|Any CPU
		{3EF7C9F1-B46C-4B1E-95F9-DF05444BEDEC}.Debug|x86.ActiveCfg = Debug|Any CPU
		{3EF7C9F1-B46C-4B1E-95F9-DF05444BEDEC}.Debug|x86.Build.0 = Debug|Any CPU
		{3EF7C9F1-B46C-4B1E-95F9-DF05444BEDEC}.Release|Any CPU.ActiveCfg = Release|Any CPU
		{3EF7C9F1-B46C-4B1E-95F9-DF05444BEDEC}.Release|Any CPU.Build.0 = Release|Any CPU
		{3EF7C9F1-B46C-4B1E-95F9-DF05444BEDEC}.Release|ARM.ActiveCfg = Release|Any CPU
		{3EF7C9F1-B46C-4B1E-95F9-DF05444BEDEC}.Release|ARM.Build.0 = Release|Any CPU
		{3EF7C9F1-B46C-4B1E-95F9-DF05444BEDEC}.Release|x64.ActiveCfg = Release|Any CPU
		{3EF7C9F1-B46C-4B1E-95F9-DF05444BEDEC}.Release|x64.Build.0 = Release|Any CPU
		{3EF7C9F1-B46C-4B1E-95F9-DF05444BEDEC}.Release|x86.ActiveCfg = Release|Any CPU
		{3EF7C9F1-B46C-4B1E-95F9-DF05444BEDEC}.Release|x86.Build.0 = Release|Any CPU
		{808A2D64-FF0C-49A7-A1F6-346F232C7F3D}.Debug|Any CPU.ActiveCfg = Debug|Any CPU
		{808A2D64-FF0C-49A7-A1F6-346F232C7F3D}.Debug|Any CPU.Build.0 = Debug|Any CPU
		{808A2D64-FF0C-49A7-A1F6-346F232C7F3D}.Debug|ARM.ActiveCfg = Debug|Any CPU
		{808A2D64-FF0C-49A7-A1F6-346F232C7F3D}.Debug|ARM.Build.0 = Debug|Any CPU
		{808A2D64-FF0C-49A7-A1F6-346F232C7F3D}.Debug|x64.ActiveCfg = Debug|Any CPU
		{808A2D64-FF0C-49A7-A1F6-346F232C7F3D}.Debug|x64.Build.0 = Debug|Any CPU
		{808A2D64-FF0C-49A7-A1F6-346F232C7F3D}.Debug|x86.ActiveCfg = Debug|Any CPU
		{808A2D64-FF0C-49A7-A1F6-346F232C7F3D}.Debug|x86.Build.0 = Debug|Any CPU
		{808A2D64-FF0C-49A7-A1F6-346F232C7F3D}.Release|Any CPU.ActiveCfg = Release|Any CPU
		{808A2D64-FF0C-49A7-A1F6-346F232C7F3D}.Release|Any CPU.Build.0 = Release|Any CPU
		{808A2D64-FF0C-49A7-A1F6-346F232C7F3D}.Release|ARM.ActiveCfg = Release|Any CPU
		{808A2D64-FF0C-49A7-A1F6-346F232C7F3D}.Release|ARM.Build.0 = Release|Any CPU
		{808A2D64-FF0C-49A7-A1F6-346F232C7F3D}.Release|x64.ActiveCfg = Release|Any CPU
		{808A2D64-FF0C-49A7-A1F6-346F232C7F3D}.Release|x64.Build.0 = Release|Any CPU
		{808A2D64-FF0C-49A7-A1F6-346F232C7F3D}.Release|x86.ActiveCfg = Release|Any CPU
		{808A2D64-FF0C-49A7-A1F6-346F232C7F3D}.Release|x86.Build.0 = Release|Any CPU
		{651457F1-D1BD-4CB2-A1F3-98D5924BC762}.Debug|Any CPU.ActiveCfg = Debug|x86
		{651457F1-D1BD-4CB2-A1F3-98D5924BC762}.Debug|ARM.ActiveCfg = Debug|ARM
		{651457F1-D1BD-4CB2-A1F3-98D5924BC762}.Debug|ARM.Build.0 = Debug|ARM
		{651457F1-D1BD-4CB2-A1F3-98D5924BC762}.Debug|ARM.Deploy.0 = Debug|ARM
		{651457F1-D1BD-4CB2-A1F3-98D5924BC762}.Debug|x64.ActiveCfg = Debug|x64
		{651457F1-D1BD-4CB2-A1F3-98D5924BC762}.Debug|x64.Build.0 = Debug|x64
		{651457F1-D1BD-4CB2-A1F3-98D5924BC762}.Debug|x64.Deploy.0 = Debug|x64
		{651457F1-D1BD-4CB2-A1F3-98D5924BC762}.Debug|x86.ActiveCfg = Debug|x86
		{651457F1-D1BD-4CB2-A1F3-98D5924BC762}.Debug|x86.Build.0 = Debug|x86
		{651457F1-D1BD-4CB2-A1F3-98D5924BC762}.Debug|x86.Deploy.0 = Debug|x86
		{651457F1-D1BD-4CB2-A1F3-98D5924BC762}.Release|Any CPU.ActiveCfg = Release|x86
		{651457F1-D1BD-4CB2-A1F3-98D5924BC762}.Release|ARM.ActiveCfg = Release|ARM
		{651457F1-D1BD-4CB2-A1F3-98D5924BC762}.Release|ARM.Build.0 = Release|ARM
		{651457F1-D1BD-4CB2-A1F3-98D5924BC762}.Release|ARM.Deploy.0 = Release|ARM
		{651457F1-D1BD-4CB2-A1F3-98D5924BC762}.Release|x64.ActiveCfg = Release|x64
		{651457F1-D1BD-4CB2-A1F3-98D5924BC762}.Release|x64.Build.0 = Release|x64
		{651457F1-D1BD-4CB2-A1F3-98D5924BC762}.Release|x64.Deploy.0 = Release|x64
		{651457F1-D1BD-4CB2-A1F3-98D5924BC762}.Release|x86.ActiveCfg = Release|x86
		{651457F1-D1BD-4CB2-A1F3-98D5924BC762}.Release|x86.Build.0 = Release|x86
		{651457F1-D1BD-4CB2-A1F3-98D5924BC762}.Release|x86.Deploy.0 = Release|x86
		{7087FCCD-C729-47EC-AC03-78D8D3B12D01}.Debug|Any CPU.ActiveCfg = Debug|Any CPU
		{7087FCCD-C729-47EC-AC03-78D8D3B12D01}.Debug|Any CPU.Build.0 = Debug|Any CPU
		{7087FCCD-C729-47EC-AC03-78D8D3B12D01}.Debug|ARM.ActiveCfg = Debug|Any CPU
		{7087FCCD-C729-47EC-AC03-78D8D3B12D01}.Debug|ARM.Build.0 = Debug|Any CPU
		{7087FCCD-C729-47EC-AC03-78D8D3B12D01}.Debug|x64.ActiveCfg = Debug|Any CPU
		{7087FCCD-C729-47EC-AC03-78D8D3B12D01}.Debug|x64.Build.0 = Debug|Any CPU
		{7087FCCD-C729-47EC-AC03-78D8D3B12D01}.Debug|x86.ActiveCfg = Debug|Any CPU
		{7087FCCD-C729-47EC-AC03-78D8D3B12D01}.Debug|x86.Build.0 = Debug|Any CPU
		{7087FCCD-C729-47EC-AC03-78D8D3B12D01}.Release|Any CPU.ActiveCfg = Release|Any CPU
		{7087FCCD-C729-47EC-AC03-78D8D3B12D01}.Release|Any CPU.Build.0 = Release|Any CPU
		{7087FCCD-C729-47EC-AC03-78D8D3B12D01}.Release|ARM.ActiveCfg = Release|Any CPU
		{7087FCCD-C729-47EC-AC03-78D8D3B12D01}.Release|ARM.Build.0 = Release|Any CPU
		{7087FCCD-C729-47EC-AC03-78D8D3B12D01}.Release|x64.ActiveCfg = Release|Any CPU
		{7087FCCD-C729-47EC-AC03-78D8D3B12D01}.Release|x64.Build.0 = Release|Any CPU
		{7087FCCD-C729-47EC-AC03-78D8D3B12D01}.Release|x86.ActiveCfg = Release|Any CPU
		{7087FCCD-C729-47EC-AC03-78D8D3B12D01}.Release|x86.Build.0 = Release|Any CPU
	EndGlobalSection
	GlobalSection(SolutionProperties) = preSolution
		HideSolutionNode = FALSE
	EndGlobalSection
	GlobalSection(ExtensibilityGlobals) = postSolution
		EnterpriseLibraryConfigurationToolBinariesPathV6 = packages\EnterpriseLibrary.TransientFaultHandling.6.0.1304.0\lib\portable-net45+win+wp8;
	EndGlobalSection
	GlobalSection(TeamFoundationVersionControl) = preSolution
		SccNumberOfProjects = 8
		SccEnterpriseProvider = {4CA58AB2-18FA-4F8D-95D4-32DDF27D184C}
		SccTeamFoundationServer = https://rayma.visualstudio.com/
		SccLocalPath0 = .
		SccProjectUniqueName1 = CarController\\CarController.csproj
		SccProjectName1 = CarController
		SccLocalPath1 = CarController
		SccProjectUniqueName2 = CommHub\\CommHub.csproj
		SccProjectName2 = CommHub
		SccLocalPath2 = CommHub
		SccProjectUniqueName3 = BluetoothBackgroundTask\\BluetoothBackgroundTask.csproj
		SccProjectName3 = BluetoothBackgroundTask
		SccLocalPath3 = BluetoothBackgroundTask
		SccProjectUniqueName4 = IntelliTransCentre\\IntelliTransCentre.csproj
		SccProjectName4 = IntelliTransCentre
		SccLocalPath4 = IntelliTransCentre
		SccProjectUniqueName5 = IntelliTransCentre.Tests\\IntelliTransCentre.Tests.csproj
		SccProjectName5 = IntelliTransCentre.Tests
		SccLocalPath5 = IntelliTransCentre.Tests
		SccProjectUniqueName6 = BLESenderReceiver\\BLESenderReceiver.csproj
		SccProjectName6 = BLESenderReceiver
		SccLocalPath6 = BLESenderReceiver
		SccProjectUniqueName7 = SpartanWebAPI\\SpartanWebAPI.csproj
		SccProjectName7 = SpartanWebAPI
		SccLocalPath7 = SpartanWebAPI
	EndGlobalSection
EndGlobal
